
Microsoft Visual Studio Solution File, Format Version 12.00
# Visual Studio Version 17
VisualStudioVersion = 17.12.35707.178 d17.12
MinimumVisualStudioVersion = 10.0.40219.1
Project("{FAE04EC0-301F-11D3-BF4B-00C04F79EFBC}") = "PizzaApp", "PizzaApp\PizzaApp.csproj", "{7F694AFA-2804-43B6-93E1-C6B2062A7E9A}"
EndProject
Global
	GlobalSection(SolutionConfigurationPlatforms) = preSolution
		Debug|Any CPU = Debug|Any CPU
		Release|Any CPU = Release|Any CPU
	EndGlobalSection
	GlobalSection(ProjectConfigurationPlatforms) = postSolution
		{7F694AFA-2804-43B6-93E1-C6B2062A7E9A}.Debug|Any CPU.ActiveCfg = Debug|Any CPU
		{7F694AFA-2804-43B6-93E1-C6B2062A7E9A}.Debug|Any CPU.Build.0 = Debug|Any CPU
		{7F694AFA-2804-43B6-93E1-C6B2062A7E9A}.Release|Any CPU.ActiveCfg = Release|Any CPU
		{7F694AFA-2804-43B6-93E1-C6B2062A7E9A}.Release|Any CPU.Build.0 = Release|Any CPU
	EndGlobalSection
	GlobalSection(SolutionProperties) = preSolution
		HideSolutionNode = FALSE
	EndGlobalSection
EndGlobal
